
Microsoft Visual Studio Solution File, Format Version 12.00
# Visual Studio Version 17
VisualStudioVersion = 17.4.33403.182
MinimumVisualStudioVersion = 10.0.40219.1
Project("{9A19103F-16F7-4668-BE54-9A1E7A4F7556}") = "SalesOrderManagement.Api", "SalesOrderManagement\SalesOrderManagement.Api.csproj", "{82DAF7A0-15C7-4547-8F34-4D9E2BD12E48}"
EndProject
Project("{9A19103F-16F7-4668-BE54-9A1E7A4F7556}") = "SalesOrderManagement.Web", "SalesOrderManagement.Web\SalesOrderManagement.Web.csproj", "{4E44E8EA-7765-4CB8-A9E6-7306ED94D946}"
EndProject
Project("{9A19103F-16F7-4668-BE54-9A1E7A4F7556}") = "SalesOrderManagement.Models", "SalesOrderManagement.Models\SalesOrderManagement.Models.csproj", "{E78951E0-1442-420B-AAF4-74E412C5A38D}"
EndProject
Project("{2150E333-8FDC-42A3-9474-1A3956D46DE8}") = "Solution Items", "Solution Items", "{1F0E5B4B-437E-4168-8531-EDC7B43B3D71}"
	ProjectSection(SolutionItems) = preProject
		.editorconfig = .editorconfig
	EndProjectSection
EndProject
Project("{54A90642-561A-4BB1-A94E-469ADEE60C69}") = "SalesOrderManagement.AngularClient", "SalesOrderManagement.AngularClient\SalesOrderManagement.AngularClient.esproj", "{912E76E0-BEDB-429F-8D9D-4E5EDFC3B273}"
EndProject
Global
	GlobalSection(SolutionConfigurationPlatforms) = preSolution
		Debug|Any CPU = Debug|Any CPU
		Release|Any CPU = Release|Any CPU
	EndGlobalSection
	GlobalSection(ProjectConfigurationPlatforms) = postSolution
		{82DAF7A0-15C7-4547-8F34-4D9E2BD12E48}.Debug|Any CPU.ActiveCfg = Debug|Any CPU
		{82DAF7A0-15C7-4547-8F34-4D9E2BD12E48}.Debug|Any CPU.Build.0 = Debug|Any CPU
		{82DAF7A0-15C7-4547-8F34-4D9E2BD12E48}.Release|Any CPU.ActiveCfg = Release|Any CPU
		{82DAF7A0-15C7-4547-8F34-4D9E2BD12E48}.Release|Any CPU.Build.0 = Release|Any CPU
		{4E44E8EA-7765-4CB8-A9E6-7306ED94D946}.Debug|Any CPU.ActiveCfg = Debug|Any CPU
		{4E44E8EA-7765-4CB8-A9E6-7306ED94D946}.Debug|Any CPU.Build.0 = Debug|Any CPU
		{4E44E8EA-7765-4CB8-A9E6-7306ED94D946}.Release|Any CPU.ActiveCfg = Release|Any CPU
		{4E44E8EA-7765-4CB8-A9E6-7306ED94D946}.Release|Any CPU.Build.0 = Release|Any CPU
		{E78951E0-1442-420B-AAF4-74E412C5A38D}.Debug|Any CPU.ActiveCfg = Debug|Any CPU
		{E78951E0-1442-420B-AAF4-74E412C5A38D}.Debug|Any CPU.Build.0 = Debug|Any CPU
		{E78951E0-1442-420B-AAF4-74E412C5A38D}.Release|Any CPU.ActiveCfg = Release|Any CPU
		{E78951E0-1442-420B-AAF4-74E412C5A38D}.Release|Any CPU.Build.0 = Release|Any CPU
		{912E76E0-BEDB-429F-8D9D-4E5EDFC3B273}.Debug|Any CPU.ActiveCfg = Debug|Any CPU
		{912E76E0-BEDB-429F-8D9D-4E5EDFC3B273}.Debug|Any CPU.Build.0 = Debug|Any CPU
		{912E76E0-BEDB-429F-8D9D-4E5EDFC3B273}.Debug|Any CPU.Deploy.0 = Debug|Any CPU
		{912E76E0-BEDB-429F-8D9D-4E5EDFC3B273}.Release|Any CPU.ActiveCfg = Release|Any CPU
		{912E76E0-BEDB-429F-8D9D-4E5EDFC3B273}.Release|Any CPU.Build.0 = Release|Any CPU
		{912E76E0-BEDB-429F-8D9D-4E5EDFC3B273}.Release|Any CPU.Deploy.0 = Release|Any CPU
	EndGlobalSection
	GlobalSection(SolutionProperties) = preSolution
		HideSolutionNode = FALSE
	EndGlobalSection
	GlobalSection(ExtensibilityGlobals) = postSolution
		SolutionGuid = {AD451035-EC5D-4CA7-A0A6-4B00A5DF8E4D}
	EndGlobalSection
EndGlobal
